#
# This file is autogenerated by pip-compile with Python 3.11
# by the following command:
#
#    pip-compile --generate-hashes --no-index --output-file=.github/agent-task/requirements.lock .github/agent-task/requirements.in
#
nerva-agent==0.9.2 \
    --hash=sha256:28c3b28ccb564c4102b3c40afa8dc08b35a6d114bbf3bd894a99d67a77807865 \
    --hash=sha256:744cbb031d9e6d8b073b940a4c6dc03e29c7be854b6eb9faca98ade7bc7b6211
    # via revenant-cli
nerva-core==0.9.2 \
    --hash=sha256:292e145c001f6ab8ac13d06ee39970ba820f44b8102f830ba32c8ab1812f8c1b \
    --hash=sha256:5d70a512fb9e7f0ed0b4cd1b76b4a53b5c142628fa4820a172ab784c3b16699b
    # via
    #   nerva-agent
    #   revenant-cli
revenant-cli==0.9.2 \
    --hash=sha256:665fd5eecc09156e23aa8ec22da5e15d66efc14c08c6e7e03d2b2279cefb2c4f \
    --hash=sha256:a5c99650a8b50b10e3041661fb5a21f8dcf400efe15d70ace825b8ddd2c59435
    # via -r .github/agent-task/requirements.in
